// !$*UTF8*$!
{
	archiveVersion = 1;
	classes = {
	};
	objectVersion = 46;
	objects = {

/* Begin PBXBuildFile section */
		1B7B515D1DE3143500370152 /* AppDelegate.swift in Sources */ = {isa = PBXBuildFile; fileRef = 1B7B515C1DE3143500370152 /* AppDelegate.swift */; };
		1B7B515F1DE3143500370152 /* ViewController.swift in Sources */ = {isa = PBXBuildFile; fileRef = 1B7B515E1DE3143500370152 /* ViewController.swift */; };
		1B7B51621DE3143500370152 /* Main.storyboard in Resources */ = {isa = PBXBuildFile; fileRef = 1B7B51601DE3143500370152 /* Main.storyboard */; };
		1B7B51641DE3143500370152 /* Assets.xcassets in Resources */ = {isa = PBXBuildFile; fileRef = 1B7B51631DE3143500370152 /* Assets.xcassets */; };
		1B7B51671DE3143500370152 /* LaunchScreen.storyboard in Resources */ = {isa = PBXBuildFile; fileRef = 1B7B51651DE3143500370152 /* LaunchScreen.storyboard */; };
/* End PBXBuildFile section */

/* Begin PBXFileReference section */
		1B7B51591DE3143500370152 /* cloche.app */ = {isa = PBXFileReference; explicitFileType = wrapper.application; includeInIndex = 0; path = cloche.app; sourceTree = BUILT_PRODUCTS_DIR; };
		1B7B515C1DE3143500370152 /* AppDelegate.swift */ = {isa = PBXFileReference; lastKnownFileType = sourcecode.swift; path = AppDelegate.swift; sourceTree = "<group>"; };
		1B7B515E1DE3143500370152 /* ViewController.swift */ = {isa = PBXFileReference; lastKnownFileType = sourcecode.swift; path = ViewController.swift; sourceTree = "<group>"; };
		1B7B51611DE3143500370152 /* Base */ = {isa = PBXFileReference; lastKnownFileType = file.storyboard; name = Base; path = Base.lproj/Main.storyboard; sourceTree = "<group>"; };
		1B7B51631DE3143500370152 /* Assets.xcassets */ = {isa = PBXFileReference; lastKnownFileType = folder.assetcatalog; path = Assets.xcassets; sourceTree = "<group>"; };
		1B7B51661DE3143500370152 /* Base */ = {isa = PBXFileReference; lastKnownFileType = file.storyboard; name = Base; path = Base.lproj/LaunchScreen.storyboard; sourceTree = "<group>"; };
		1B7B51681DE3143500370152 /* Info.plist */ = {isa = PBXFileReference; lastKnownFileType = text.plist.xml; path = Info.plist; sourceTree = "<group>"; };
/* End PBXFileReference section */

/* Begin PBXFrameworksBuildPhase section */
		1B7B51561DE3143500370152 /* Frameworks */ = {
			isa = PBXFrameworksBuildPhase;
			buildActionMask = 2147483647;
			files = (
			);
			runOnlyForDeploymentPostprocessing = 0;
		};
/* End PBXFrameworksBuildPhase section */

/* Begin PBXGroup section */
		1B7B51501DE3143500370152 = {
			isa = PBXGroup;
			children = (
				1B7B515B1DE3143500370152 /* cloche */,
				1B7B515A1DE3143500370152 /* Products */,
			);
			sourceTree = "<group>";
		};
		1B7B515A1DE3143500370152 /* Products */ = {
			isa = PBXGroup;
			children = (
				1B7B51591DE3143500370152 /* cloche.app */,
			);
			name = Products;
			sourceTree = "<group>";
		};
		1B7B515B1DE3143500370152 /* cloche */ = {
			isa = PBXGroup;
			children = (
				1B7B515C1DE3143500370152 /* AppDelegate.swift */,
				1B7B515E1DE3143500370152 /* ViewController.swift */,
				1B7B51601DE3143500370152 /* Main.storyboard */,
				1B7B51631DE3143500370152 /* Assets.xcassets */,
				1B7B51651DE3143500370152 /* LaunchScreen.storyboard */,
				1B7B51681DE3143500370152 /* Info.plist */,
			);
			path = cloche;
			sourceTree = "<group>";
		};
/* End PBXGroup section */

/* Begin PBXNativeTarget section */
		1B7B51581DE3143500370152 /* cloche */ = {
			isa = PBXNativeTarget;
			buildConfigurationList = 1B7B516B1DE3143500370152 /* Build configuration list for PBXNativeTarget "cloche" */;
			buildPhases = (
				1B7B51551DE3143500370152 /* Sources */,
				1B7B51561DE3143500370152 /* Frameworks */,
				1B7B51571DE3143500370152 /* Resources */,
			);
			buildRules = (
			);
			dependencies = (
			);
			name = cloche;
			productName = cloche;
			productReference = 1B7B51591DE3143500370152 /* cloche.app */;
			productType = "com.apple.product-type.application";
		};
/* End PBXNativeTarget section */

/* Begin PBXProject section */
		1B7B51511DE3143500370152 /* Project object */ = {
			isa = PBXProject;
			attributes = {
				LastSwiftUpdateCheck = 0810;
				LastUpgradeCheck = 0810;
				ORGANIZATIONNAME = "kimizuka-fumitaka";
				TargetAttributes = {
					1B7B51581DE3143500370152 = {
						CreatedOnToolsVersion = 8.1;
						DevelopmentTeam = Y7YC24AB3H;
						ProvisioningStyle = Automatic;
					};
				};
			};
			buildConfigurationList = 1B7B51541DE3143500370152 /* Build configuration list for PBXProject "cloche" */;
			compatibilityVersion = "Xcode 3.2";
			developmentRegion = English;
			hasScannedForEncodings = 0;
			knownRegions = (
				en,
				Base,
			);
			mainGroup = 1B7B51501DE3143500370152;
			productRefGroup = 1B7B515A1DE3143500370152 /* Products */;
			projectDirPath = "";
			projectRoot = "";
			targets = (
				1B7B51581DE3143500370152 /* cloche */,
			);
		};
/* End PBXProject section */

/* Begin PBXResourcesBuildPhase section */
		1B7B51571DE3143500370152 /* Resources */ = {
			isa = PBXResourcesBuildPhase;
			buildActionMask = 2147483647;
			files = (
				1B7B51671DE3143500370152 /* LaunchScreen.storyboard in Resources */,
				1B7B51641DE3143500370152 /* Assets.xcassets in Resources */,
				1B7B51621DE3143500370152 /* Main.storyboard in Resources */,
			);
			runOnlyForDeploymentPostprocessing = 0;
		};
/* End PBXResourcesBuildPhase section */

/* Begin PBXSourcesBuildPhase section */
		1B7B51551DE3143500370152 /* Sources */ = {
			isa = PBXSourcesBuildPhase;
			buildActionMask = 2147483647;
			files = (
				1B7B515F1DE3143500370152 /* ViewController.swift in Sources */,
				1B7B515D1DE3143500370152 /* AppDelegate.swift in Sources */,
			);
			runOnlyForDeploymentPostprocessing = 0;
		};
/* End PBXSourcesBuildPhase section */

/* Begin PBXVariantGroup section */
		1B7B51601DE3143500370152 /* Main.storyboard */ = {
			isa = PBXVariantGroup;
			children = (
				1B7B51611DE3143500370152 /* Base */,
			);
			name = Main.storyboard;
			sourceTree = "<group>";
		};
		1B7B51651DE3143500370152 /* LaunchScreen.storyboard */ = {
			isa = PBXVariantGroup;
			children = (
				1B7B51661DE3143500370152 /* Base */,
			);
			name = LaunchScreen.storyboard;
			sourceTree = "<group>";
		};
/* End PBXVariantGroup section */

/* Begin XCBuildConfiguration section */
		1B7B51691DE3143500370152 /* Debug */ = {
			isa = XCBuildConfiguration;
			buildSettings = {
				ALWAYS_SEARCH_USER_PATHS = NO;
				CLANG_ANALYZER_NONNULL = YES;
				CLANG_CXX_LANGUAGE_STANDARD = "gnu++0x";
				CLANG_CXX_LIBRARY = "libc++";
				CLANG_ENABLE_MODULES = YES;
				CLANG_ENABLE_OBJC_ARC = YES;
				CLANG_WARN_BOOL_CONVERSION = YES;
				CLANG_WARN_CONSTANT_CONVERSION = YES;
				CLANG_WARN_DIRECT_OBJC_ISA_USAGE = YES_ERROR;
				CLANG_WARN_DOCUMENTATION_COMMENTS = YES;
				CLANG_WARN_EMPTY_BODY = YES;
				CLANG_WARN_ENUM_CONVERSION = YES;
				CLANG_WARN_INFINITE_RECURSION = YES;
				CLANG_WARN_INT_CONVERSION = YES;
				CLANG_WARN_OBJC_ROOT_CLASS = YES_ERROR;
				CLANG_WARN_SUSPICIOUS_MOVES = YES;
				CLANG_WARN_UNREACHABLE_CODE = YES;
				CLANG_WARN__DUPLICATE_METHOD_MATCH = YES;
				"CODE_SIGN_IDENTITY[sdk=iphoneos*]" = "iPhone Developer";
				COPY_PHASE_STRIP = NO;
				DEBUG_INFORMATION_FORMAT = dwarf;
				ENABLE_STRICT_OBJC_MSGSEND = YES;
				ENABLE_TESTABILITY = YES;
				GCC_C_LANGUAGE_STANDARD = gnu99;
				GCC_DYNAMIC_NO_PIC = NO;
				GCC_NO_COMMON_BLOCKS = YES;
				GCC_OPTIMIZATION_LEVEL = 0;
				GCC_PREPROCESSOR_DEFINITIONS = (
					"DEBUG=1",
					"$(inherited)",
				);
				GCC_WARN_64_TO_32_BIT_CONVERSION = YES;
				GCC_WARN_ABOUT_RETURN_TYPE = YES_ERROR;
				GCC_WARN_UNDECLARED_SELECTOR = YES;
				GCC_WARN_UNINITIALIZED_AUTOS = YES_AGGRESSIVE;
				GCC_WARN_UNUSED_FUNCTION = YES;
				GCC_WARN_UNUSED_VARIABLE = YES;
				IPHONEOS_DEPLOYMENT_TARGET = 10.1;
				MTL_ENABLE_DEBUG_INFO = YES;
				ONLY_ACTIVE_ARCH = YES;
				SDKROOT = iphoneos;
				SWIFT_ACTIVE_COMPILATION_CONDITIONS = DEBUG;
				SWIFT_OPTIMIZATION_LEVEL = "-Onone";
			};
			name = Debug;
		};
		1B7B516A1DE3143500370152 /* Release */ = {
			isa = XCBuildConfiguration;
			buildSettings = {
				ALWAYS_SEARCH_USER_PATHS = NO;
				CLANG_ANALYZER_NONNULL = YES;
				CLANG_CXX_LANGUAGE_STANDARD = "gnu++0x";
				CLANG_CXX_LIBRARY = "libc++";
				CLANG_ENABLE_MODULES = YES;
				CLANG_ENABLE_OBJC_ARC = YES;
				CLANG_WARN_BOOL_CONVERSION = YES;
				CLANG_WARN_CONSTANT_CONVERSION = YES;
				CLANG_WARN_DIRECT_OBJC_ISA_USAGE = YES_ERROR;
				CLANG_WARN_DOCUMENTATION_COMMENTS = YES;
				CLANG_WARN_EMPTY_BODY = YES;
				CLANG_WARN_ENUM_CONVERSION = YES;
				CLANG_WARN_INFINITE_RECURSION = YES;
				CLANG_WARN_INT_CONVERSION = YES;
				CLANG_WARN_OBJC_ROOT_CLASS = YES_ERROR;
				CLANG_WARN_SUSPICIOUS_MOVES = YES;
				CLANG_WARN_UNREACHABLE_CODE = YES;
				CLANG_WARN__DUPLICATE_METHOD_MATCH = YES;
				"CODE_SIGN_IDENTITY[sdk=iphoneos*]" = "iPhone Developer";
				COPY_PHASE_STRIP = NO;
				DEBUG_INFORMATION_FORMAT = "dwarf-with-dsym";
				ENABLE_NS_ASSERTIONS = NO;
				ENABLE_STRICT_OBJC_MSGSEND = YES;
				GCC_C_LANGUAGE_STANDARD = gnu99;
				GCC_NO_COMMON_BLOCKS = YES;
				GCC_WARN_64_TO_32_BIT_CONVERSION = YES;
				GCC_WARN_ABOUT_RETURN_TYPE = YES_ERROR;
				GCC_WARN_UNDECLARED_SELECTOR = YES;
				GCC_WARN_UNINITIALIZED_AUTOS = YES_AGGRESSIVE;
				GCC_WARN_UNUSED_FUNCTION = YES;
				GCC_WARN_UNUSED_VARIABLE = YES;
				IPHONEOS_DEPLOYMENT_TARGET = 10.1;
				MTL_ENABLE_DEBUG_INFO = NO;
				SDKROOT = iphoneos;
				SWIFT_OPTIMIZATION_LEVEL = "-Owholemodule";
				VALIDATE_PRODUCT = YES;
			};
			name = Release;
		};
		1B7B516C1DE3143500370152 /* Debug */ = {
			isa = XCBuildConfiguration;
			buildSettings = {
				ASSETCATALOG_COMPILER_APPICON_NAME = AppIcon;
				DEVELOPMENT_TEAM = Y7YC24AB3H;
				INFOPLIST_FILE = cloche/Info.plist;
				LD_RUNPATH_SEARCH_PATHS = "$(inherited) @executable_path/Frameworks";
				PRODUCT_BUNDLE_IDENTIFIER = fm.kimizuka.cloche;
				PRODUCT_NAME = "$(TARGET_NAME)";
				SWIFT_VERSION = 3.0;
			};
			name = Debug;
		};
		1B7B516D1DE3143500370152 /* Release */ = {
			isa = XCBuildConfiguration;
			buildSettings = {
				ASSETCATALOG_COMPILER_APPICON_NAME = AppIcon;
				DEVELOPMENT_TEAM = Y7YC24AB3H;
				INFOPLIST_FILE = cloche/Info.plist;
				LD_RUNPATH_SEARCH_PATHS = "$(inherited) @executable_path/Frameworks";
				PRODUCT_BUNDLE_IDENTIFIER = fm.kimizuka.cloche;
				PRODUCT_NAME = "$(TARGET_NAME)";
				SWIFT_VERSION = 3.0;
			};
			name = Release;
		};
/* End XCBuildConfiguration section */

/* Begin XCConfigurationList section */
		1B7B51541DE3143500370152 /* Build configuration list for PBXProject "cloche" */ = {
			isa = XCConfigurationList;
			buildConfigurations = (
				1B7B51691DE3143500370152 /* Debug */,
				1B7B516A1DE3143500370152 /* Release */,
			);
			defaultConfigurationIsVisible = 0;
			defaultConfigurationName = Release;
		};
		1B7B516B1DE3143500370152 /* Build configuration list for PBXNativeTarget "cloche" */ = {
			isa = XCConfigurationList;
			buildConfigurations = (
				1B7B516C1DE3143500370152 /* Debug */,
				1B7B516D1DE3143500370152 /* Release */,
			);
			defaultConfigurationIsVisible = 0;
		};
/* End XCConfigurationList section */
	};
	rootObject = 1B7B51511DE3143500370152 /* Project object */;
}
